
Microsoft Visual Studio Solution File, Format Version 12.00
# Visual Studio Version 17
VisualStudioVersion = 17.5.33502.453
MinimumVisualStudioVersion = 10.0.40219.1
Project("{9A19103F-16F7-4668-BE54-9A1E7A4F7556}") = "ToDoListApp", "WebApplication4\ToDoListApp.csproj", "{CED191B4-AD6C-422A-8A67-2AAB3A13BBDD}"
EndProject
Global
	GlobalSection(SolutionConfigurationPlatforms) = preSolution
		Debug|Any CPU = Debug|Any CPU
		Release|Any CPU = Release|Any CPU
	EndGlobalSection
	GlobalSection(ProjectConfigurationPlatforms) = postSolution
		{CED191B4-AD6C-422A-8A67-2AAB3A13BBDD}.Debug|Any CPU.ActiveCfg = Debug|Any CPU
		{CED191B4-AD6C-422A-8A67-2AAB3A13BBDD}.Debug|Any CPU.Build.0 = Debug|Any CPU
		{CED191B4-AD6C-422A-8A67-2AAB3A13BBDD}.Release|Any CPU.ActiveCfg = Release|Any CPU
		{CED191B4-AD6C-422A-8A67-2AAB3A13BBDD}.Release|Any CPU.Build.0 = Release|Any CPU
	EndGlobalSection
	GlobalSection(SolutionProperties) = preSolution
		HideSolutionNode = FALSE
	EndGlobalSection
	GlobalSection(ExtensibilityGlobals) = postSolution
		SolutionGuid = {9DCFCAE6-2F1B-42DB-AF94-249DAB370B46}
	EndGlobalSection
EndGlobal
